
Microsoft Visual Studio Solution File, Format Version 12.00
# Visual Studio Version 16
VisualStudioVersion = 16.0.31515.178
MinimumVisualStudioVersion = 10.0.40219.1
Project("{FAE04EC0-301F-11D3-BF4B-00C04F79EFBC}") = "WebApiDDD", "WebApiDDD\WebApiDDD.csproj", "{6C60FAF6-7539-4959-AECF-D152E185AC06}"
EndProject
Project("{2150E333-8FDC-42A3-9474-1A3956D46DE8}") = "1 - Application", "1 - Application", "{E065D15A-12DA-42FE-BF89-FC68DF7F6A4F}"
EndProject
Project("{2150E333-8FDC-42A3-9474-1A3956D46DE8}") = "2 - Domain", "2 - Domain", "{B8DC6C7B-BC1A-48C0-ABEF-3F83B6C7BAE3}"
EndProject
Project("{2150E333-8FDC-42A3-9474-1A3956D46DE8}") = "4 - Infra", "4 - Infra", "{050F152B-1127-4DF3-B5CD-60121458B5D0}"
EndProject
Project("{2150E333-8FDC-42A3-9474-1A3956D46DE8}") = "3 - Service", "3 - Service", "{C0223BC8-E2F0-4161-BD24-03B5177976BD}"
EndProject
Project("{FAE04EC0-301F-11D3-BF4B-00C04F79EFBC}") = "WebApi.Domain", "WebApi.Domain\WebApi.Domain.csproj", "{A79962DA-89E7-4978-BE1E-3C83F6448AAC}"
EndProject
Project("{FAE04EC0-301F-11D3-BF4B-00C04F79EFBC}") = "WebApi.Service", "WebApi.Service\WebApi.Service.csproj", "{C5D1D436-7530-43E8-B850-F766D0ED7E18}"
EndProject
Project("{FAE04EC0-301F-11D3-BF4B-00C04F79EFBC}") = "WebApi.Data", "WebApi.Data\WebApi.Data.csproj", "{DCF30F70-7C8F-4F0C-A3B8-F9F7392F77C3}"
EndProject
Project("{2150E333-8FDC-42A3-9474-1A3956D46DE8}") = "4.1 - Data", "4.1 - Data", "{BF11313E-2956-431B-9FFB-96ADE9FAC792}"
EndProject
Project("{2150E333-8FDC-42A3-9474-1A3956D46DE8}") = "4.2 - CrossCutting", "4.2 - CrossCutting", "{6C468505-1457-4D5A-B1A8-D24C928C1F43}"
EndProject
Project("{FAE04EC0-301F-11D3-BF4B-00C04F79EFBC}") = "WebApi.CrossCutting", "WebApi.CrossCutting\WebApi.CrossCutting.csproj", "{DDC3B40B-EDF7-4B30-87B1-656F25233393}"
EndProject
Global
	GlobalSection(SolutionConfigurationPlatforms) = preSolution
		Debug|Any CPU = Debug|Any CPU
		Release|Any CPU = Release|Any CPU
	EndGlobalSection
	GlobalSection(ProjectConfigurationPlatforms) = postSolution
		{6C60FAF6-7539-4959-AECF-D152E185AC06}.Debug|Any CPU.ActiveCfg = Debug|Any CPU
		{6C60FAF6-7539-4959-AECF-D152E185AC06}.Debug|Any CPU.Build.0 = Debug|Any CPU
		{6C60FAF6-7539-4959-AECF-D152E185AC06}.Release|Any CPU.ActiveCfg = Release|Any CPU
		{6C60FAF6-7539-4959-AECF-D152E185AC06}.Release|Any CPU.Build.0 = Release|Any CPU
		{A79962DA-89E7-4978-BE1E-3C83F6448AAC}.Debug|Any CPU.ActiveCfg = Debug|Any CPU
		{A79962DA-89E7-4978-BE1E-3C83F6448AAC}.Debug|Any CPU.Build.0 = Debug|Any CPU
		{A79962DA-89E7-4978-BE1E-3C83F6448AAC}.Release|Any CPU.ActiveCfg = Release|Any CPU
		{A79962DA-89E7-4978-BE1E-3C83F6448AAC}.Release|Any CPU.Build.0 = Release|Any CPU
		{C5D1D436-7530-43E8-B850-F766D0ED7E18}.Debug|Any CPU.ActiveCfg = Debug|Any CPU
		{C5D1D436-7530-43E8-B850-F766D0ED7E18}.Debug|Any CPU.Build.0 = Debug|Any CPU
		{C5D1D436-7530-43E8-B850-F766D0ED7E18}.Release|Any CPU.ActiveCfg = Release|Any CPU
		{C5D1D436-7530-43E8-B850-F766D0ED7E18}.Release|Any CPU.Build.0 = Release|Any CPU
		{DCF30F70-7C8F-4F0C-A3B8-F9F7392F77C3}.Debug|Any CPU.ActiveCfg = Debug|Any CPU
		{DCF30F70-7C8F-4F0C-A3B8-F9F7392F77C3}.Debug|Any CPU.Build.0 = Debug|Any CPU
		{DCF30F70-7C8F-4F0C-A3B8-F9F7392F77C3}.Release|Any CPU.ActiveCfg = Release|Any CPU
		{DCF30F70-7C8F-4F0C-A3B8-F9F7392F77C3}.Release|Any CPU.Build.0 = Release|Any CPU
		{DDC3B40B-EDF7-4B30-87B1-656F25233393}.Debug|Any CPU.ActiveCfg = Debug|Any CPU
		{DDC3B40B-EDF7-4B30-87B1-656F25233393}.Debug|Any CPU.Build.0 = Debug|Any CPU
		{DDC3B40B-EDF7-4B30-87B1-656F25233393}.Release|Any CPU.ActiveCfg = Release|Any CPU
		{DDC3B40B-EDF7-4B30-87B1-656F25233393}.Release|Any CPU.Build.0 = Release|Any CPU
	EndGlobalSection
	GlobalSection(SolutionProperties) = preSolution
		HideSolutionNode = FALSE
	EndGlobalSection
	GlobalSection(NestedProjects) = preSolution
		{6C60FAF6-7539-4959-AECF-D152E185AC06} = {E065D15A-12DA-42FE-BF89-FC68DF7F6A4F}
		{A79962DA-89E7-4978-BE1E-3C83F6448AAC} = {B8DC6C7B-BC1A-48C0-ABEF-3F83B6C7BAE3}
		{C5D1D436-7530-43E8-B850-F766D0ED7E18} = {C0223BC8-E2F0-4161-BD24-03B5177976BD}
		{DCF30F70-7C8F-4F0C-A3B8-F9F7392F77C3} = {BF11313E-2956-431B-9FFB-96ADE9FAC792}
		{BF11313E-2956-431B-9FFB-96ADE9FAC792} = {050F152B-1127-4DF3-B5CD-60121458B5D0}
		{6C468505-1457-4D5A-B1A8-D24C928C1F43} = {050F152B-1127-4DF3-B5CD-60121458B5D0}
		{DDC3B40B-EDF7-4B30-87B1-656F25233393} = {6C468505-1457-4D5A-B1A8-D24C928C1F43}
	EndGlobalSection
	GlobalSection(ExtensibilityGlobals) = postSolution
		SolutionGuid = {2217B7A1-2160-4103-B015-81CCA79A44D3}
	EndGlobalSection
EndGlobal
